{
  "version": 4,
  "terraform_version": "1.8.5",
  "serial": 13,
  "lineage": "2d0e6232-c8dd-64cc-bdc8-1dca7b430094",
  "outputs": {},
  "resources": [
    {
      "mode": "managed",
      "type": "azurerm_resource_group",
      "name": "devops_rg",
      "provider": "provider[\"registry.terraform.io/hashicorp/azurerm\"]",
      "instances": [
        {
          "schema_version": 0,
          "attributes": {
            "id": "/subscriptions/a16da2d6-3886-42f4-ab6f-34021cdd64e0/resourceGroups/mahmoud-devops-rg",
            "location": "eastus",
            "managed_by": "",
            "name": "mahmoud-devops-rg",
            "tags": {
              "month": "month4-terraform",
              "owner": "mahmoud",
              "project": "devops-learning"
            },
            "timeouts": null
          },
          "sensitive_attributes": [],
          "private": "eyJlMmJmYjczMC1lY2FhLTExZTYtOGY4OC0zNDM2M2JjN2M0YzAiOnsiY3JlYXRlIjo1NDAwMDAwMDAwMDAwLCJkZWxldGUiOjU0MDAwMDAwMDAwMDAsInJlYWQiOjMwMDAwMDAwMDAwMCwidXBkYXRlIjo1NDAwMDAwMDAwMDAwfX0="
        }
      ]
    }
  ],
  "check_results": null
}
